// !$*UTF8*$!
{
	archiveVersion = 1;
	classes = {
	};
	objectVersion = 56;
	objects = {

/* Begin PBXBuildFile section */
		2D34468A2B8E039D0038AF95 /* PortfolioView.swift in Sources */ = {isa = PBXBuildFile; fileRef = 2D3446892B8E039D0038AF95 /* PortfolioView.swift */; };
		2D34468C2B8E15330038AF95 /* XMarkButton.swift in Sources */ = {isa = PBXBuildFile; fileRef = 2D34468B2B8E15330038AF95 /* XMarkButton.swift */; };
		2D3A10432B84F87600C6CF7C /* CryptoCoinsApp.swift in Sources */ = {isa = PBXBuildFile; fileRef = 2D3A10422B84F87600C6CF7C /* CryptoCoinsApp.swift */; };
		2D3A10452B84F87600C6CF7C /* ContentView.swift in Sources */ = {isa = PBXBuildFile; fileRef = 2D3A10442B84F87600C6CF7C /* ContentView.swift */; };
		2D3A104A2B84F87700C6CF7C /* Preview Assets.xcassets in Resources */ = {isa = PBXBuildFile; fileRef = 2D3A10492B84F87700C6CF7C /* Preview Assets.xcassets */; };
		2D3A10542B84FBB400C6CF7C /* Color.swift in Sources */ = {isa = PBXBuildFile; fileRef = 2D3A10532B84FBB400C6CF7C /* Color.swift */; };
		2D3A105C2B8523B800C6CF7C /* HomeView.swift in Sources */ = {isa = PBXBuildFile; fileRef = 2D3A105B2B8523B800C6CF7C /* HomeView.swift */; };
		2D3A10602B8524D900C6CF7C /* CircleButtonView.swift in Sources */ = {isa = PBXBuildFile; fileRef = 2D3A105F2B8524D900C6CF7C /* CircleButtonView.swift */; };
		2D3A10622B856E5E00C6CF7C /* CircleButtonAnimationView.swift in Sources */ = {isa = PBXBuildFile; fileRef = 2D3A10612B856E5E00C6CF7C /* CircleButtonAnimationView.swift */; };
		2D3A10652B85715600C6CF7C /* CoinModel.swift in Sources */ = {isa = PBXBuildFile; fileRef = 2D3A10642B85715600C6CF7C /* CoinModel.swift */; };
		2D63384E2B88A97100D9F456 /* LocalFileManager.swift in Sources */ = {isa = PBXBuildFile; fileRef = 2D63384D2B88A97100D9F456 /* LocalFileManager.swift */; };
		2D6338502B88C5DF00D9F456 /* SearchBarView.swift in Sources */ = {isa = PBXBuildFile; fileRef = 2D63384F2B88C5DF00D9F456 /* SearchBarView.swift */; };
		2D6338522B88CD5200D9F456 /* UIApplication.swift in Sources */ = {isa = PBXBuildFile; fileRef = 2D6338512B88CD5200D9F456 /* UIApplication.swift */; };
		2D6338542B88F9EF00D9F456 /* StatisticModel.swift in Sources */ = {isa = PBXBuildFile; fileRef = 2D6338532B88F9EF00D9F456 /* StatisticModel.swift */; };
		2D6338582B88FBA100D9F456 /* StatisticView.swift in Sources */ = {isa = PBXBuildFile; fileRef = 2D6338572B88FBA100D9F456 /* StatisticView.swift */; };
		2D63385C2B89011D00D9F456 /* HomeStatisticsView.swift in Sources */ = {isa = PBXBuildFile; fileRef = 2D63385B2B89011D00D9F456 /* HomeStatisticsView.swift */; };
		2D63385E2B890A4E00D9F456 /* MarketDataModel.swift in Sources */ = {isa = PBXBuildFile; fileRef = 2D63385D2B890A4E00D9F456 /* MarketDataModel.swift */; };
		2D6338602B890E5600D9F456 /* MarketDataService.swift in Sources */ = {isa = PBXBuildFile; fileRef = 2D63385F2B890E5600D9F456 /* MarketDataService.swift */; };
		2D7933912B92525700822444 /* DetailView.swift in Sources */ = {isa = PBXBuildFile; fileRef = 2D7933902B92525700822444 /* DetailView.swift */; };
		2DC14BF02B88190E003BC104 /* Assets.xcassets in Resources */ = {isa = PBXBuildFile; fileRef = 2DC14BEF2B88190E003BC104 /* Assets.xcassets */; };
		2DC14BF32B881A6C003BC104 /* CoinImageView.swift in Sources */ = {isa = PBXBuildFile; fileRef = 2DC14BF22B881A6C003BC104 /* CoinImageView.swift */; };
		2DC14BF52B881C52003BC104 /* CoinImageService.swift in Sources */ = {isa = PBXBuildFile; fileRef = 2DC14BF42B881C52003BC104 /* CoinImageService.swift */; };
		2DC14BF72B881E49003BC104 /* CoinImageViewModel.swift in Sources */ = {isa = PBXBuildFile; fileRef = 2DC14BF62B881E49003BC104 /* CoinImageViewModel.swift */; };
		2DD550AF2B8E366500834E58 /* PortfolioContainer.xcdatamodeld in Sources */ = {isa = PBXBuildFile; fileRef = 2DD550AD2B8E366500834E58 /* PortfolioContainer.xcdatamodeld */; };
		2DD550B12B8E372E00834E58 /* PortfolioDataService.swift in Sources */ = {isa = PBXBuildFile; fileRef = 2DD550B02B8E372E00834E58 /* PortfolioDataService.swift */; };
		2DEAC7212B85F65300358956 /* CoinRowView.swift in Sources */ = {isa = PBXBuildFile; fileRef = 2DEAC7202B85F65300358956 /* CoinRowView.swift */; };
		2DEAC7232B85F6D300358956 /* PreviewProvider.swift in Sources */ = {isa = PBXBuildFile; fileRef = 2DEAC7222B85F6D300358956 /* PreviewProvider.swift */; };
		2DEAC7252B85FCAF00358956 /* Double.swift in Sources */ = {isa = PBXBuildFile; fileRef = 2DEAC7242B85FCAF00358956 /* Double.swift */; };
		2DEAC7272B860C7E00358956 /* HomeViewModel.swift in Sources */ = {isa = PBXBuildFile; fileRef = 2DEAC7262B860C7E00358956 /* HomeViewModel.swift */; };
		2DEAC72A2B863CAB00358956 /* CoinDataService.swift in Sources */ = {isa = PBXBuildFile; fileRef = 2DEAC7292B863CAB00358956 /* CoinDataService.swift */; };
		2DEAC72D2B86456300358956 /* NetworkingManager.swift in Sources */ = {isa = PBXBuildFile; fileRef = 2DEAC72C2B86456300358956 /* NetworkingManager.swift */; };
		2DF51E9B2B8FC1670087F5C9 /* HapticManager.swift in Sources */ = {isa = PBXBuildFile; fileRef = 2DF51E9A2B8FC1670087F5C9 /* HapticManager.swift */; };
		2DFB856D2B8E219F0051FD77 /* CoinLogoView.swift in Sources */ = {isa = PBXBuildFile; fileRef = 2DFB856C2B8E219F0051FD77 /* CoinLogoView.swift */; };
/* End PBXBuildFile section */

/* Begin PBXFileReference section */
		2D3446892B8E039D0038AF95 /* PortfolioView.swift */ = {isa = PBXFileReference; lastKnownFileType = sourcecode.swift; path = PortfolioView.swift; sourceTree = "<group>"; };
		2D34468B2B8E15330038AF95 /* XMarkButton.swift */ = {isa = PBXFileReference; lastKnownFileType = sourcecode.swift; path = XMarkButton.swift; sourceTree = "<group>"; };
		2D3A103F2B84F87600C6CF7C /* CryptoCoins.app */ = {isa = PBXFileReference; explicitFileType = wrapper.application; includeInIndex = 0; path = CryptoCoins.app; sourceTree = BUILT_PRODUCTS_DIR; };
		2D3A10422B84F87600C6CF7C /* CryptoCoinsApp.swift */ = {isa = PBXFileReference; lastKnownFileType = sourcecode.swift; path = CryptoCoinsApp.swift; sourceTree = "<group>"; };
		2D3A10442B84F87600C6CF7C /* ContentView.swift */ = {isa = PBXFileReference; lastKnownFileType = sourcecode.swift; path = ContentView.swift; sourceTree = "<group>"; };
		2D3A10492B84F87700C6CF7C /* Preview Assets.xcassets */ = {isa = PBXFileReference; lastKnownFileType = folder.assetcatalog; path = "Preview Assets.xcassets"; sourceTree = "<group>"; };
		2D3A10532B84FBB400C6CF7C /* Color.swift */ = {isa = PBXFileReference; lastKnownFileType = sourcecode.swift; path = Color.swift; sourceTree = "<group>"; };
		2D3A105B2B8523B800C6CF7C /* HomeView.swift */ = {isa = PBXFileReference; lastKnownFileType = sourcecode.swift; path = HomeView.swift; sourceTree = "<group>"; };
		2D3A105F2B8524D900C6CF7C /* CircleButtonView.swift */ = {isa = PBXFileReference; lastKnownFileType = sourcecode.swift; path = CircleButtonView.swift; sourceTree = "<group>"; };
		2D3A10612B856E5E00C6CF7C /* CircleButtonAnimationView.swift */ = {isa = PBXFileReference; lastKnownFileType = sourcecode.swift; path = CircleButtonAnimationView.swift; sourceTree = "<group>"; };
		2D3A10642B85715600C6CF7C /* CoinModel.swift */ = {isa = PBXFileReference; lastKnownFileType = sourcecode.swift; path = CoinModel.swift; sourceTree = "<group>"; };
		2D63384D2B88A97100D9F456 /* LocalFileManager.swift */ = {isa = PBXFileReference; lastKnownFileType = sourcecode.swift; path = LocalFileManager.swift; sourceTree = "<group>"; };
		2D63384F2B88C5DF00D9F456 /* SearchBarView.swift */ = {isa = PBXFileReference; lastKnownFileType = sourcecode.swift; path = SearchBarView.swift; sourceTree = "<group>"; };
		2D6338512B88CD5200D9F456 /* UIApplication.swift */ = {isa = PBXFileReference; lastKnownFileType = sourcecode.swift; path = UIApplication.swift; sourceTree = "<group>"; };
		2D6338532B88F9EF00D9F456 /* StatisticModel.swift */ = {isa = PBXFileReference; lastKnownFileType = sourcecode.swift; path = StatisticModel.swift; sourceTree = "<group>"; };
		2D6338572B88FBA100D9F456 /* StatisticView.swift */ = {isa = PBXFileReference; lastKnownFileType = sourcecode.swift; path = StatisticView.swift; sourceTree = "<group>"; };
		2D63385B2B89011D00D9F456 /* HomeStatisticsView.swift */ = {isa = PBXFileReference; lastKnownFileType = sourcecode.swift; path = HomeStatisticsView.swift; sourceTree = "<group>"; };
		2D63385D2B890A4E00D9F456 /* MarketDataModel.swift */ = {isa = PBXFileReference; lastKnownFileType = sourcecode.swift; path = MarketDataModel.swift; sourceTree = "<group>"; };
		2D63385F2B890E5600D9F456 /* MarketDataService.swift */ = {isa = PBXFileReference; lastKnownFileType = sourcecode.swift; path = MarketDataService.swift; sourceTree = "<group>"; };
		2D7933902B92525700822444 /* DetailView.swift */ = {isa = PBXFileReference; lastKnownFileType = sourcecode.swift; path = DetailView.swift; sourceTree = "<group>"; };
		2DC14BEF2B88190E003BC104 /* Assets.xcassets */ = {isa = PBXFileReference; lastKnownFileType = folder.assetcatalog; path = Assets.xcassets; sourceTree = "<group>"; };
		2DC14BF22B881A6C003BC104 /* CoinImageView.swift */ = {isa = PBXFileReference; lastKnownFileType = sourcecode.swift; path = CoinImageView.swift; sourceTree = "<group>"; };
		2DC14BF42B881C52003BC104 /* CoinImageService.swift */ = {isa = PBXFileReference; lastKnownFileType = sourcecode.swift; path = CoinImageService.swift; sourceTree = "<group>"; };
		2DC14BF62B881E49003BC104 /* CoinImageViewModel.swift */ = {isa = PBXFileReference; lastKnownFileType = sourcecode.swift; path = CoinImageViewModel.swift; sourceTree = "<group>"; };
		2DD550AE2B8E366500834E58 /* PortfolioContainer.xcdatamodel */ = {isa = PBXFileReference; lastKnownFileType = wrapper.xcdatamodel; path = PortfolioContainer.xcdatamodel; sourceTree = "<group>"; };
		2DD550B02B8E372E00834E58 /* PortfolioDataService.swift */ = {isa = PBXFileReference; lastKnownFileType = sourcecode.swift; path = PortfolioDataService.swift; sourceTree = "<group>"; };
		2DEAC7202B85F65300358956 /* CoinRowView.swift */ = {isa = PBXFileReference; lastKnownFileType = sourcecode.swift; path = CoinRowView.swift; sourceTree = "<group>"; };
		2DEAC7222B85F6D300358956 /* PreviewProvider.swift */ = {isa = PBXFileReference; lastKnownFileType = sourcecode.swift; path = PreviewProvider.swift; sourceTree = "<group>"; };
		2DEAC7242B85FCAF00358956 /* Double.swift */ = {isa = PBXFileReference; lastKnownFileType = sourcecode.swift; path = Double.swift; sourceTree = "<group>"; };
		2DEAC7262B860C7E00358956 /* HomeViewModel.swift */ = {isa = PBXFileReference; lastKnownFileType = sourcecode.swift; path = HomeViewModel.swift; sourceTree = "<group>"; };
		2DEAC7292B863CAB00358956 /* CoinDataService.swift */ = {isa = PBXFileReference; lastKnownFileType = sourcecode.swift; path = CoinDataService.swift; sourceTree = "<group>"; };
		2DEAC72C2B86456300358956 /* NetworkingManager.swift */ = {isa = PBXFileReference; lastKnownFileType = sourcecode.swift; path = NetworkingManager.swift; sourceTree = "<group>"; };
		2DF51E9A2B8FC1670087F5C9 /* HapticManager.swift */ = {isa = PBXFileReference; lastKnownFileType = sourcecode.swift; path = HapticManager.swift; sourceTree = "<group>"; };
		2DFB856C2B8E219F0051FD77 /* CoinLogoView.swift */ = {isa = PBXFileReference; lastKnownFileType = sourcecode.swift; path = CoinLogoView.swift; sourceTree = "<group>"; };
/* End PBXFileReference section */

/* Begin PBXFrameworksBuildPhase section */
		2D3A103C2B84F87600C6CF7C /* Frameworks */ = {
			isa = PBXFrameworksBuildPhase;
			buildActionMask = 2147483647;
			files = (
			);
			runOnlyForDeploymentPostprocessing = 0;
		};
/* End PBXFrameworksBuildPhase section */

/* Begin PBXGroup section */
		2D3A10362B84F87600C6CF7C = {
			isa = PBXGroup;
			children = (
				2D3A10412B84F87600C6CF7C /* CryptoCoins */,
				2D3A10402B84F87600C6CF7C /* Products */,
			);
			sourceTree = "<group>";
		};
		2D3A10402B84F87600C6CF7C /* Products */ = {
			isa = PBXGroup;
			children = (
				2D3A103F2B84F87600C6CF7C /* CryptoCoins.app */,
			);
			name = Products;
			sourceTree = "<group>";
		};
		2D3A10412B84F87600C6CF7C /* CryptoCoins */ = {
			isa = PBXGroup;
			children = (
				2DEAC72B2B86452600358956 /* Utilities */,
				2D3A10522B84FB9D00C6CF7C /* Extensions */,
				2DEAC7282B863C7400358956 /* Services */,
				2D3A10632B85712400C6CF7C /* Models */,
				2D3A10552B85234C00C6CF7C /* Core */,
				2D3A10422B84F87600C6CF7C /* CryptoCoinsApp.swift */,
				2D3A10442B84F87600C6CF7C /* ContentView.swift */,
				2DC14BEF2B88190E003BC104 /* Assets.xcassets */,
				2D3A10482B84F87700C6CF7C /* Preview Content */,
			);
			path = CryptoCoins;
			sourceTree = "<group>";
		};
		2D3A10482B84F87700C6CF7C /* Preview Content */ = {
			isa = PBXGroup;
			children = (
				2D3A10492B84F87700C6CF7C /* Preview Assets.xcassets */,
			);
			path = "Preview Content";
			sourceTree = "<group>";
		};
		2D3A10522B84FB9D00C6CF7C /* Extensions */ = {
			isa = PBXGroup;
			children = (
				2D3A10532B84FBB400C6CF7C /* Color.swift */,
				2DEAC7222B85F6D300358956 /* PreviewProvider.swift */,
				2DEAC7242B85FCAF00358956 /* Double.swift */,
				2D6338512B88CD5200D9F456 /* UIApplication.swift */,
			);
			path = Extensions;
			sourceTree = "<group>";
		};
		2D3A10552B85234C00C6CF7C /* Core */ = {
			isa = PBXGroup;
			children = (
				2D3A105D2B8524A900C6CF7C /* Components */,
				2D3A10562B85236500C6CF7C /* Home */,
				2D79338D2B92522000822444 /* Detail */,
			);
			path = Core;
			sourceTree = "<group>";
		};
		2D3A10562B85236500C6CF7C /* Home */ = {
			isa = PBXGroup;
			children = (
				2D3A10582B85237C00C6CF7C /* ViewModels */,
				2D3A10572B85237400C6CF7C /* Views */,
			);
			path = Home;
			sourceTree = "<group>";
		};
		2D3A10572B85237400C6CF7C /* Views */ = {
			isa = PBXGroup;
			children = (
				2D3A105B2B8523B800C6CF7C /* HomeView.swift */,
				2DEAC7202B85F65300358956 /* CoinRowView.swift */,
				2D63385B2B89011D00D9F456 /* HomeStatisticsView.swift */,
				2D3446892B8E039D0038AF95 /* PortfolioView.swift */,
			);
			path = Views;
			sourceTree = "<group>";
		};
		2D3A10582B85237C00C6CF7C /* ViewModels */ = {
			isa = PBXGroup;
			children = (
				2DEAC7262B860C7E00358956 /* HomeViewModel.swift */,
			);
			path = ViewModels;
			sourceTree = "<group>";
		};
		2D3A105D2B8524A900C6CF7C /* Components */ = {
			isa = PBXGroup;
			children = (
				2DC14BF12B881A5C003BC104 /* CoinImage */,
				2D3A105E2B8524C600C6CF7C /* CircleButton */,
				2D63384F2B88C5DF00D9F456 /* SearchBarView.swift */,
				2D6338572B88FBA100D9F456 /* StatisticView.swift */,
				2D34468B2B8E15330038AF95 /* XMarkButton.swift */,
			);
			path = Components;
			sourceTree = "<group>";
		};
		2D3A105E2B8524C600C6CF7C /* CircleButton */ = {
			isa = PBXGroup;
			children = (
				2D3A105F2B8524D900C6CF7C /* CircleButtonView.swift */,
				2D3A10612B856E5E00C6CF7C /* CircleButtonAnimationView.swift */,
			);
			path = CircleButton;
			sourceTree = "<group>";
		};
		2D3A10632B85712400C6CF7C /* Models */ = {
			isa = PBXGroup;
			children = (
				2D3A10642B85715600C6CF7C /* CoinModel.swift */,
				2D6338532B88F9EF00D9F456 /* StatisticModel.swift */,
				2D63385D2B890A4E00D9F456 /* MarketDataModel.swift */,
				2DD550AD2B8E366500834E58 /* PortfolioContainer.xcdatamodeld */,
			);
			path = Models;
			sourceTree = "<group>";
		};
		2D79338D2B92522000822444 /* Detail */ = {
			isa = PBXGroup;
			children = (
				2D79338E2B92523400822444 /* ViewModels */,
				2D79338F2B92523C00822444 /* Views */,
			);
			path = Detail;
			sourceTree = "<group>";
		};
		2D79338E2B92523400822444 /* ViewModels */ = {
			isa = PBXGroup;
			children = (
			);
			path = ViewModels;
			sourceTree = "<group>";
		};
		2D79338F2B92523C00822444 /* Views */ = {
			isa = PBXGroup;
			children = (
				2D7933902B92525700822444 /* DetailView.swift */,
			);
			path = Views;
			sourceTree = "<group>";
		};
		2DC14BF12B881A5C003BC104 /* CoinImage */ = {
			isa = PBXGroup;
			children = (
				2DC14BF22B881A6C003BC104 /* CoinImageView.swift */,
				2DC14BF62B881E49003BC104 /* CoinImageViewModel.swift */,
				2DFB856C2B8E219F0051FD77 /* CoinLogoView.swift */,
			);
			path = CoinImage;
			sourceTree = "<group>";
		};
		2DEAC7282B863C7400358956 /* Services */ = {
			isa = PBXGroup;
			children = (
				2DEAC7292B863CAB00358956 /* CoinDataService.swift */,
				2DC14BF42B881C52003BC104 /* CoinImageService.swift */,
				2D63385F2B890E5600D9F456 /* MarketDataService.swift */,
				2DD550B02B8E372E00834E58 /* PortfolioDataService.swift */,
			);
			path = Services;
			sourceTree = "<group>";
		};
		2DEAC72B2B86452600358956 /* Utilities */ = {
			isa = PBXGroup;
			children = (
				2DEAC72C2B86456300358956 /* NetworkingManager.swift */,
				2D63384D2B88A97100D9F456 /* LocalFileManager.swift */,
				2DF51E9A2B8FC1670087F5C9 /* HapticManager.swift */,
			);
			path = Utilities;
			sourceTree = "<group>";
		};
/* End PBXGroup section */

/* Begin PBXNativeTarget section */
		2D3A103E2B84F87600C6CF7C /* CryptoCoins */ = {
			isa = PBXNativeTarget;
			buildConfigurationList = 2D3A104D2B84F87700C6CF7C /* Build configuration list for PBXNativeTarget "CryptoCoins" */;
			buildPhases = (
				2D3A103B2B84F87600C6CF7C /* Sources */,
				2D3A103C2B84F87600C6CF7C /* Frameworks */,
				2D3A103D2B84F87600C6CF7C /* Resources */,
			);
			buildRules = (
			);
			dependencies = (
			);
			name = CryptoCoins;
			productName = CryptoCoins;
			productReference = 2D3A103F2B84F87600C6CF7C /* CryptoCoins.app */;
			productType = "com.apple.product-type.application";
		};
/* End PBXNativeTarget section */

/* Begin PBXProject section */
		2D3A10372B84F87600C6CF7C /* Project object */ = {
			isa = PBXProject;
			attributes = {
				BuildIndependentTargetsInParallel = 1;
				LastSwiftUpdateCheck = 1520;
				LastUpgradeCheck = 1520;
				TargetAttributes = {
					2D3A103E2B84F87600C6CF7C = {
						CreatedOnToolsVersion = 15.2;
					};
				};
			};
			buildConfigurationList = 2D3A103A2B84F87600C6CF7C /* Build configuration list for PBXProject "CryptoCoins" */;
			compatibilityVersion = "Xcode 14.0";
			developmentRegion = en;
			hasScannedForEncodings = 0;
			knownRegions = (
				en,
				Base,
			);
			mainGroup = 2D3A10362B84F87600C6CF7C;
			productRefGroup = 2D3A10402B84F87600C6CF7C /* Products */;
			projectDirPath = "";
			projectRoot = "";
			targets = (
				2D3A103E2B84F87600C6CF7C /* CryptoCoins */,
			);
		};
/* End PBXProject section */

/* Begin PBXResourcesBuildPhase section */
		2D3A103D2B84F87600C6CF7C /* Resources */ = {
			isa = PBXResourcesBuildPhase;
			buildActionMask = 2147483647;
			files = (
				2DC14BF02B88190E003BC104 /* Assets.xcassets in Resources */,
				2D3A104A2B84F87700C6CF7C /* Preview Assets.xcassets in Resources */,
			);
			runOnlyForDeploymentPostprocessing = 0;
		};
/* End PBXResourcesBuildPhase section */

/* Begin PBXSourcesBuildPhase section */
		2D3A103B2B84F87600C6CF7C /* Sources */ = {
			isa = PBXSourcesBuildPhase;
			buildActionMask = 2147483647;
			files = (
				2DEAC72A2B863CAB00358956 /* CoinDataService.swift in Sources */,
				2D6338542B88F9EF00D9F456 /* StatisticModel.swift in Sources */,
				2DEAC7212B85F65300358956 /* CoinRowView.swift in Sources */,
				2DEAC7272B860C7E00358956 /* HomeViewModel.swift in Sources */,
				2D3A10452B84F87600C6CF7C /* ContentView.swift in Sources */,
				2D6338602B890E5600D9F456 /* MarketDataService.swift in Sources */,
				2DFB856D2B8E219F0051FD77 /* CoinLogoView.swift in Sources */,
				2D3A10432B84F87600C6CF7C /* CryptoCoinsApp.swift in Sources */,
				2D63385E2B890A4E00D9F456 /* MarketDataModel.swift in Sources */,
				2DD550B12B8E372E00834E58 /* PortfolioDataService.swift in Sources */,
				2D3A10542B84FBB400C6CF7C /* Color.swift in Sources */,
				2D3A10602B8524D900C6CF7C /* CircleButtonView.swift in Sources */,
				2D6338582B88FBA100D9F456 /* StatisticView.swift in Sources */,
				2D6338522B88CD5200D9F456 /* UIApplication.swift in Sources */,
				2DC14BF72B881E49003BC104 /* CoinImageViewModel.swift in Sources */,
				2D34468C2B8E15330038AF95 /* XMarkButton.swift in Sources */,
				2D7933912B92525700822444 /* DetailView.swift in Sources */,
				2DF51E9B2B8FC1670087F5C9 /* HapticManager.swift in Sources */,
				2D3A105C2B8523B800C6CF7C /* HomeView.swift in Sources */,
				2DEAC72D2B86456300358956 /* NetworkingManager.swift in Sources */,
				2D63384E2B88A97100D9F456 /* LocalFileManager.swift in Sources */,
				2D6338502B88C5DF00D9F456 /* SearchBarView.swift in Sources */,
				2D63385C2B89011D00D9F456 /* HomeStatisticsView.swift in Sources */,
				2D3A10622B856E5E00C6CF7C /* CircleButtonAnimationView.swift in Sources */,
				2DD550AF2B8E366500834E58 /* PortfolioContainer.xcdatamodeld in Sources */,
				2DC14BF32B881A6C003BC104 /* CoinImageView.swift in Sources */,
				2DEAC7232B85F6D300358956 /* PreviewProvider.swift in Sources */,
				2DEAC7252B85FCAF00358956 /* Double.swift in Sources */,
				2DC14BF52B881C52003BC104 /* CoinImageService.swift in Sources */,
				2D3A10652B85715600C6CF7C /* CoinModel.swift in Sources */,
				2D34468A2B8E039D0038AF95 /* PortfolioView.swift in Sources */,
			);
			runOnlyForDeploymentPostprocessing = 0;
		};
/* End PBXSourcesBuildPhase section */

/* Begin XCBuildConfiguration section */
		2D3A104B2B84F87700C6CF7C /* Debug */ = {
			isa = XCBuildConfiguration;
			buildSettings = {
				ALWAYS_SEARCH_USER_PATHS = NO;
				ASSETCATALOG_COMPILER_GENERATE_SWIFT_ASSET_SYMBOL_EXTENSIONS = YES;
				CLANG_ANALYZER_NONNULL = YES;
				CLANG_ANALYZER_NUMBER_OBJECT_CONVERSION = YES_AGGRESSIVE;
				CLANG_CXX_LANGUAGE_STANDARD = "gnu++20";
				CLANG_ENABLE_MODULES = YES;
				CLANG_ENABLE_OBJC_ARC = YES;
				CLANG_ENABLE_OBJC_WEAK = YES;
				CLANG_WARN_BLOCK_CAPTURE_AUTORELEASING = YES;
				CLANG_WARN_BOOL_CONVERSION = YES;
				CLANG_WARN_COMMA = YES;
				CLANG_WARN_CONSTANT_CONVERSION = YES;
				CLANG_WARN_DEPRECATED_OBJC_IMPLEMENTATIONS = YES;
				CLANG_WARN_DIRECT_OBJC_ISA_USAGE = YES_ERROR;
				CLANG_WARN_DOCUMENTATION_COMMENTS = YES;
				CLANG_WARN_EMPTY_BODY = YES;
				CLANG_WARN_ENUM_CONVERSION = YES;
				CLANG_WARN_INFINITE_RECURSION = YES;
				CLANG_WARN_INT_CONVERSION = YES;
				CLANG_WARN_NON_LITERAL_NULL_CONVERSION = YES;
				CLANG_WARN_OBJC_IMPLICIT_RETAIN_SELF = YES;
				CLANG_WARN_OBJC_LITERAL_CONVERSION = YES;
				CLANG_WARN_OBJC_ROOT_CLASS = YES_ERROR;
				CLANG_WARN_QUOTED_INCLUDE_IN_FRAMEWORK_HEADER = YES;
				CLANG_WARN_RANGE_LOOP_ANALYSIS = YES;
				CLANG_WARN_STRICT_PROTOTYPES = YES;
				CLANG_WARN_SUSPICIOUS_MOVE = YES;
				CLANG_WARN_UNGUARDED_AVAILABILITY = YES_AGGRESSIVE;
				CLANG_WARN_UNREACHABLE_CODE = YES;
				CLANG_WARN__DUPLICATE_METHOD_MATCH = YES;
				COPY_PHASE_STRIP = NO;
				DEBUG_INFORMATION_FORMAT = dwarf;
				ENABLE_STRICT_OBJC_MSGSEND = YES;
				ENABLE_TESTABILITY = YES;
				ENABLE_USER_SCRIPT_SANDBOXING = YES;
				GCC_C_LANGUAGE_STANDARD = gnu17;
				GCC_DYNAMIC_NO_PIC = NO;
				GCC_NO_COMMON_BLOCKS = YES;
				GCC_OPTIMIZATION_LEVEL = 0;
				GCC_PREPROCESSOR_DEFINITIONS = (
					"DEBUG=1",
					"$(inherited)",
				);
				GCC_WARN_64_TO_32_BIT_CONVERSION = YES;
				GCC_WARN_ABOUT_RETURN_TYPE = YES_ERROR;
				GCC_WARN_UNDECLARED_SELECTOR = YES;
				GCC_WARN_UNINITIALIZED_AUTOS = YES_AGGRESSIVE;
				GCC_WARN_UNUSED_FUNCTION = YES;
				GCC_WARN_UNUSED_VARIABLE = YES;
				IPHONEOS_DEPLOYMENT_TARGET = 17.2;
				LOCALIZATION_PREFERS_STRING_CATALOGS = YES;
				MTL_ENABLE_DEBUG_INFO = INCLUDE_SOURCE;
				MTL_FAST_MATH = YES;
				ONLY_ACTIVE_ARCH = YES;
				SDKROOT = iphoneos;
				SWIFT_ACTIVE_COMPILATION_CONDITIONS = "DEBUG $(inherited)";
				SWIFT_OPTIMIZATION_LEVEL = "-Onone";
			};
			name = Debug;
		};
		2D3A104C2B84F87700C6CF7C /* Release */ = {
			isa = XCBuildConfiguration;
			buildSettings = {
				ALWAYS_SEARCH_USER_PATHS = NO;
				ASSETCATALOG_COMPILER_GENERATE_SWIFT_ASSET_SYMBOL_EXTENSIONS = YES;
				CLANG_ANALYZER_NONNULL = YES;
				CLANG_ANALYZER_NUMBER_OBJECT_CONVERSION = YES_AGGRESSIVE;
				CLANG_CXX_LANGUAGE_STANDARD = "gnu++20";
				CLANG_ENABLE_MODULES = YES;
				CLANG_ENABLE_OBJC_ARC = YES;
				CLANG_ENABLE_OBJC_WEAK = YES;
				CLANG_WARN_BLOCK_CAPTURE_AUTORELEASING = YES;
				CLANG_WARN_BOOL_CONVERSION = YES;
				CLANG_WARN_COMMA = YES;
				CLANG_WARN_CONSTANT_CONVERSION = YES;
				CLANG_WARN_DEPRECATED_OBJC_IMPLEMENTATIONS = YES;
				CLANG_WARN_DIRECT_OBJC_ISA_USAGE = YES_ERROR;
				CLANG_WARN_DOCUMENTATION_COMMENTS = YES;
				CLANG_WARN_EMPTY_BODY = YES;
				CLANG_WARN_ENUM_CONVERSION = YES;
				CLANG_WARN_INFINITE_RECURSION = YES;
				CLANG_WARN_INT_CONVERSION = YES;
				CLANG_WARN_NON_LITERAL_NULL_CONVERSION = YES;
				CLANG_WARN_OBJC_IMPLICIT_RETAIN_SELF = YES;
				CLANG_WARN_OBJC_LITERAL_CONVERSION = YES;
				CLANG_WARN_OBJC_ROOT_CLASS = YES_ERROR;
				CLANG_WARN_QUOTED_INCLUDE_IN_FRAMEWORK_HEADER = YES;
				CLANG_WARN_RANGE_LOOP_ANALYSIS = YES;
				CLANG_WARN_STRICT_PROTOTYPES = YES;
				CLANG_WARN_SUSPICIOUS_MOVE = YES;
				CLANG_WARN_UNGUARDED_AVAILABILITY = YES_AGGRESSIVE;
				CLANG_WARN_UNREACHABLE_CODE = YES;
				CLANG_WARN__DUPLICATE_METHOD_MATCH = YES;
				COPY_PHASE_STRIP = NO;
				DEBUG_INFORMATION_FORMAT = "dwarf-with-dsym";
				ENABLE_NS_ASSERTIONS = NO;
				ENABLE_STRICT_OBJC_MSGSEND = YES;
				ENABLE_USER_SCRIPT_SANDBOXING = YES;
				GCC_C_LANGUAGE_STANDARD = gnu17;
				GCC_NO_COMMON_BLOCKS = YES;
				GCC_WARN_64_TO_32_BIT_CONVERSION = YES;
				GCC_WARN_ABOUT_RETURN_TYPE = YES_ERROR;
				GCC_WARN_UNDECLARED_SELECTOR = YES;
				GCC_WARN_UNINITIALIZED_AUTOS = YES_AGGRESSIVE;
				GCC_WARN_UNUSED_FUNCTION = YES;
				GCC_WARN_UNUSED_VARIABLE = YES;
				IPHONEOS_DEPLOYMENT_TARGET = 17.2;
				LOCALIZATION_PREFERS_STRING_CATALOGS = YES;
				MTL_ENABLE_DEBUG_INFO = NO;
				MTL_FAST_MATH = YES;
				SDKROOT = iphoneos;
				SWIFT_COMPILATION_MODE = wholemodule;
				VALIDATE_PRODUCT = YES;
			};
			name = Release;
		};
		2D3A104E2B84F87700C6CF7C /* Debug */ = {
			isa = XCBuildConfiguration;
			buildSettings = {
				ASSETCATALOG_COMPILER_APPICON_NAME = AppIcon;
				ASSETCATALOG_COMPILER_GLOBAL_ACCENT_COLOR_NAME = AccentColor;
				CODE_SIGN_STYLE = Automatic;
				CURRENT_PROJECT_VERSION = 1;
				DEVELOPMENT_ASSET_PATHS = "\"CryptoCoins/Preview Content\"";
				DEVELOPMENT_TEAM = BLLA4QKA85;
				ENABLE_PREVIEWS = YES;
				GENERATE_INFOPLIST_FILE = YES;
				INFOPLIST_KEY_CFBundleDisplayName = "Crypto Tracker";
				INFOPLIST_KEY_UIApplicationSceneManifest_Generation = YES;
				INFOPLIST_KEY_UIApplicationSupportsIndirectInputEvents = YES;
				INFOPLIST_KEY_UILaunchScreen_Generation = YES;
				INFOPLIST_KEY_UISupportedInterfaceOrientations = UIInterfaceOrientationPortrait;
				IPHONEOS_DEPLOYMENT_TARGET = 14.0;
				LD_RUNPATH_SEARCH_PATHS = (
					"$(inherited)",
					"@executable_path/Frameworks",
				);
				MARKETING_VERSION = 1.0;
				PRODUCT_BUNDLE_IDENTIFIER = com.iosdeveloper.edsonsantos.CryptoCoins;
				PRODUCT_NAME = "$(TARGET_NAME)";
				SWIFT_EMIT_LOC_STRINGS = YES;
				SWIFT_VERSION = 5.0;
				TARGETED_DEVICE_FAMILY = "1,2";
			};
			name = Debug;
		};
		2D3A104F2B84F87700C6CF7C /* Release */ = {
			isa = XCBuildConfiguration;
			buildSettings = {
				ASSETCATALOG_COMPILER_APPICON_NAME = AppIcon;
				ASSETCATALOG_COMPILER_GLOBAL_ACCENT_COLOR_NAME = AccentColor;
				CODE_SIGN_STYLE = Automatic;
				CURRENT_PROJECT_VERSION = 1;
				DEVELOPMENT_ASSET_PATHS = "\"CryptoCoins/Preview Content\"";
				DEVELOPMENT_TEAM = BLLA4QKA85;
				ENABLE_PREVIEWS = YES;
				GENERATE_INFOPLIST_FILE = YES;
				INFOPLIST_KEY_CFBundleDisplayName = "Crypto Tracker";
				INFOPLIST_KEY_UIApplicationSceneManifest_Generation = YES;
				INFOPLIST_KEY_UIApplicationSupportsIndirectInputEvents = YES;
				INFOPLIST_KEY_UILaunchScreen_Generation = YES;
				INFOPLIST_KEY_UISupportedInterfaceOrientations = UIInterfaceOrientationPortrait;
				IPHONEOS_DEPLOYMENT_TARGET = 14.0;
				LD_RUNPATH_SEARCH_PATHS = (
					"$(inherited)",
					"@executable_path/Frameworks",
				);
				MARKETING_VERSION = 1.0;
				PRODUCT_BUNDLE_IDENTIFIER = com.iosdeveloper.edsonsantos.CryptoCoins;
				PRODUCT_NAME = "$(TARGET_NAME)";
				SWIFT_EMIT_LOC_STRINGS = YES;
				SWIFT_VERSION = 5.0;
				TARGETED_DEVICE_FAMILY = "1,2";
			};
			name = Release;
		};
/* End XCBuildConfiguration section */

/* Begin XCConfigurationList section */
		2D3A103A2B84F87600C6CF7C /* Build configuration list for PBXProject "CryptoCoins" */ = {
			isa = XCConfigurationList;
			buildConfigurations = (
				2D3A104B2B84F87700C6CF7C /* Debug */,
				2D3A104C2B84F87700C6CF7C /* Release */,
			);
			defaultConfigurationIsVisible = 0;
			defaultConfigurationName = Release;
		};
		2D3A104D2B84F87700C6CF7C /* Build configuration list for PBXNativeTarget "CryptoCoins" */ = {
			isa = XCConfigurationList;
			buildConfigurations = (
				2D3A104E2B84F87700C6CF7C /* Debug */,
				2D3A104F2B84F87700C6CF7C /* Release */,
			);
			defaultConfigurationIsVisible = 0;
			defaultConfigurationName = Release;
		};
/* End XCConfigurationList section */

/* Begin XCVersionGroup section */
		2DD550AD2B8E366500834E58 /* PortfolioContainer.xcdatamodeld */ = {
			isa = XCVersionGroup;
			children = (
				2DD550AE2B8E366500834E58 /* PortfolioContainer.xcdatamodel */,
			);
			currentVersion = 2DD550AE2B8E366500834E58 /* PortfolioContainer.xcdatamodel */;
			path = PortfolioContainer.xcdatamodeld;
			sourceTree = "<group>";
			versionGroupType = wrapper.xcdatamodel;
		};
/* End XCVersionGroup section */
	};
	rootObject = 2D3A10372B84F87600C6CF7C /* Project object */;
}
